
Microsoft Visual Studio Solution File, Format Version 12.00
# Visual Studio Version 17
VisualStudioVersion = 17.7.34202.233
MinimumVisualStudioVersion = 10.0.40219.1
Project("{FAE04EC0-301F-11D3-BF4B-00C04F79EFBC}") = "Film3", "Film3.csproj", "{FCB1BD05-D986-4FD1-9F4F-B5E6DAB718C9}"
EndProject
Global
	GlobalSection(SolutionConfigurationPlatforms) = preSolution
		Debug|Any CPU = Debug|Any CPU
		Release|Any CPU = Release|Any CPU
	EndGlobalSection
	GlobalSection(ProjectConfigurationPlatforms) = postSolution
		{FCB1BD05-D986-4FD1-9F4F-B5E6DAB718C9}.Debug|Any CPU.ActiveCfg = Debug|Any CPU
		{FCB1BD05-D986-4FD1-9F4F-B5E6DAB718C9}.Debug|Any CPU.Build.0 = Debug|Any CPU
		{FCB1BD05-D986-4FD1-9F4F-B5E6DAB718C9}.Release|Any CPU.ActiveCfg = Release|Any CPU
		{FCB1BD05-D986-4FD1-9F4F-B5E6DAB718C9}.Release|Any CPU.Build.0 = Release|Any CPU
	EndGlobalSection
	GlobalSection(SolutionProperties) = preSolution
		HideSolutionNode = FALSE
	EndGlobalSection
	GlobalSection(ExtensibilityGlobals) = postSolution
		SolutionGuid = {4B2A6FD6-5201-41C6-A9D8-C7D73D9C066E}
	EndGlobalSection
EndGlobal
